
Microsoft Visual Studio Solution File, Format Version 12.00
# Visual Studio Version 17
VisualStudioVersion = 17.7.34031.279
MinimumVisualStudioVersion = 10.0.40219.1
Project("{2150E333-8FDC-42A3-9474-1A3956D46DE8}") = "1. Presentation Layer", "1. Presentation Layer", "{D3B5EF7A-45D6-4A00-AF2A-152C93DB3A6B}"
EndProject
Project("{2150E333-8FDC-42A3-9474-1A3956D46DE8}") = "2. Business Layer", "2. Business Layer", "{6BBDA982-A2C0-4701-B27B-492D1995D2A7}"
EndProject
Project("{2150E333-8FDC-42A3-9474-1A3956D46DE8}") = "3. Data Layer", "3. Data Layer", "{0E1C19AD-E0A1-4C89-A361-3B6705221929}"
EndProject
Project("{FAE04EC0-301F-11D3-BF4B-00C04F79EFBC}") = "eStore", "eStore\eStore.csproj", "{96EBC8AD-B4C7-45D2-B6DD-58F682798F65}"
EndProject
Project("{FAE04EC0-301F-11D3-BF4B-00C04F79EFBC}") = "DataAccess", "DataAccess\DataAccess.csproj", "{693B19EE-81BC-4E51-8B4A-F3E6CF69BF1A}"
EndProject
Project("{FAE04EC0-301F-11D3-BF4B-00C04F79EFBC}") = "BusinessObject", "BusinessObject\BusinessObject.csproj", "{3BCBD4BC-E3FB-4B8A-88A2-6E63116CB582}"
EndProject
Global
	GlobalSection(SolutionConfigurationPlatforms) = preSolution
		Debug|Any CPU = Debug|Any CPU
		Release|Any CPU = Release|Any CPU
	EndGlobalSection
	GlobalSection(ProjectConfigurationPlatforms) = postSolution
		{96EBC8AD-B4C7-45D2-B6DD-58F682798F65}.Debug|Any CPU.ActiveCfg = Debug|Any CPU
		{96EBC8AD-B4C7-45D2-B6DD-58F682798F65}.Debug|Any CPU.Build.0 = Debug|Any CPU
		{96EBC8AD-B4C7-45D2-B6DD-58F682798F65}.Release|Any CPU.ActiveCfg = Release|Any CPU
		{96EBC8AD-B4C7-45D2-B6DD-58F682798F65}.Release|Any CPU.Build.0 = Release|Any CPU
		{693B19EE-81BC-4E51-8B4A-F3E6CF69BF1A}.Debug|Any CPU.ActiveCfg = Debug|Any CPU
		{693B19EE-81BC-4E51-8B4A-F3E6CF69BF1A}.Debug|Any CPU.Build.0 = Debug|Any CPU
		{693B19EE-81BC-4E51-8B4A-F3E6CF69BF1A}.Release|Any CPU.ActiveCfg = Release|Any CPU
		{693B19EE-81BC-4E51-8B4A-F3E6CF69BF1A}.Release|Any CPU.Build.0 = Release|Any CPU
		{3BCBD4BC-E3FB-4B8A-88A2-6E63116CB582}.Debug|Any CPU.ActiveCfg = Debug|Any CPU
		{3BCBD4BC-E3FB-4B8A-88A2-6E63116CB582}.Debug|Any CPU.Build.0 = Debug|Any CPU
		{3BCBD4BC-E3FB-4B8A-88A2-6E63116CB582}.Release|Any CPU.ActiveCfg = Release|Any CPU
		{3BCBD4BC-E3FB-4B8A-88A2-6E63116CB582}.Release|Any CPU.Build.0 = Release|Any CPU
	EndGlobalSection
	GlobalSection(SolutionProperties) = preSolution
		HideSolutionNode = FALSE
	EndGlobalSection
	GlobalSection(NestedProjects) = preSolution
		{96EBC8AD-B4C7-45D2-B6DD-58F682798F65} = {D3B5EF7A-45D6-4A00-AF2A-152C93DB3A6B}
		{693B19EE-81BC-4E51-8B4A-F3E6CF69BF1A} = {0E1C19AD-E0A1-4C89-A361-3B6705221929}
		{3BCBD4BC-E3FB-4B8A-88A2-6E63116CB582} = {6BBDA982-A2C0-4701-B27B-492D1995D2A7}
	EndGlobalSection
	GlobalSection(ExtensibilityGlobals) = postSolution
		SolutionGuid = {891B5905-EDBB-4B2F-8179-3D75D82E450D}
	EndGlobalSection
EndGlobal
